
Microsoft Visual Studio Solution File, Format Version 12.00
# Visual Studio Version 16
VisualStudioVersion = 16.0.30011.22
MinimumVisualStudioVersion = 10.0.40219.1
Project("{8BC9CEB8-8B4A-11D0-8D11-00A0C91BC942}") = "FavoriteGames", "FavoriteGames.vcxproj", "{13CEC722-100D-4487-9A18-D6A9CF80767D}"
EndProject
Global
	GlobalSection(SolutionConfigurationPlatforms) = preSolution
		Debug|x64 = Debug|x64
		Debug|x86 = Debug|x86
		Release|x64 = Release|x64
		Release|x86 = Release|x86
	EndGlobalSection
	GlobalSection(ProjectConfigurationPlatforms) = postSolution
		{13CEC722-100D-4487-9A18-D6A9CF80767D}.Debug|x64.ActiveCfg = Debug|x64
		{13CEC722-100D-4487-9A18-D6A9CF80767D}.Debug|x64.Build.0 = Debug|x64
		{13CEC722-100D-4487-9A18-D6A9CF80767D}.Debug|x86.ActiveCfg = Debug|Win32
		{13CEC722-100D-4487-9A18-D6A9CF80767D}.Debug|x86.Build.0 = Debug|Win32
		{13CEC722-100D-4487-9A18-D6A9CF80767D}.Release|x64.ActiveCfg = Release|x64
		{13CEC722-100D-4487-9A18-D6A9CF80767D}.Release|x64.Build.0 = Release|x64
		{13CEC722-100D-4487-9A18-D6A9CF80767D}.Release|x86.ActiveCfg = Release|Win32
		{13CEC722-100D-4487-9A18-D6A9CF80767D}.Release|x86.Build.0 = Release|Win32
	EndGlobalSection
	GlobalSection(SolutionProperties) = preSolution
		HideSolutionNode = FALSE
	EndGlobalSection
	GlobalSection(ExtensibilityGlobals) = postSolution
		SolutionGuid = {ADA31558-D546-4D4B-9916-4C12940C49C3}
	EndGlobalSection
EndGlobal
